
Microsoft Visual Studio Solution File, Format Version 12.00
# Visual Studio 15
VisualStudioVersion = 15.0.28307.421
MinimumVisualStudioVersion = 10.0.40219.1
Project("{FAE04EC0-301F-11D3-BF4B-00C04F79EFBC}") = "Playlist", "Playlist\Playlist.csproj", "{23FC7CAF-B2E6-47B1-9AAC-CED5A99022F9}"
EndProject
Project("{FAE04EC0-301F-11D3-BF4B-00C04F79EFBC}") = "Classes", "Classes\Classes.csproj", "{5F48F723-9DFA-4B54-B760-BCFEE769421E}"
EndProject
Global
	GlobalSection(SolutionConfigurationPlatforms) = preSolution
		Debug|Any CPU = Debug|Any CPU
		Release|Any CPU = Release|Any CPU
	EndGlobalSection
	GlobalSection(ProjectConfigurationPlatforms) = postSolution
		{23FC7CAF-B2E6-47B1-9AAC-CED5A99022F9}.Debug|Any CPU.ActiveCfg = Debug|Any CPU
		{23FC7CAF-B2E6-47B1-9AAC-CED5A99022F9}.Debug|Any CPU.Build.0 = Debug|Any CPU
		{23FC7CAF-B2E6-47B1-9AAC-CED5A99022F9}.Release|Any CPU.ActiveCfg = Release|Any CPU
		{23FC7CAF-B2E6-47B1-9AAC-CED5A99022F9}.Release|Any CPU.Build.0 = Release|Any CPU
		{5F48F723-9DFA-4B54-B760-BCFEE769421E}.Debug|Any CPU.ActiveCfg = Debug|Any CPU
		{5F48F723-9DFA-4B54-B760-BCFEE769421E}.Debug|Any CPU.Build.0 = Debug|Any CPU
		{5F48F723-9DFA-4B54-B760-BCFEE769421E}.Release|Any CPU.ActiveCfg = Release|Any CPU
		{5F48F723-9DFA-4B54-B760-BCFEE769421E}.Release|Any CPU.Build.0 = Release|Any CPU
	EndGlobalSection
	GlobalSection(SolutionProperties) = preSolution
		HideSolutionNode = FALSE
	EndGlobalSection
	GlobalSection(ExtensibilityGlobals) = postSolution
		SolutionGuid = {4E302367-5339-4912-AEFC-7A978644D978}
	EndGlobalSection
EndGlobal
